// !$*UTF8*$!
{
	archiveVersion = 1;
	classes = {
	};
	objectVersion = 56;
	objects = {

/* Begin PBXBuildFile section */
		54A1CFB42BE191610082DEF3 /* EmbraceOutdoorsApp.swift in Sources */ = {isa = PBXBuildFile; fileRef = 54A1CFB32BE191610082DEF3 /* EmbraceOutdoorsApp.swift */; };
		54A1CFB62BE191610082DEF3 /* ContentView.swift in Sources */ = {isa = PBXBuildFile; fileRef = 54A1CFB52BE191610082DEF3 /* ContentView.swift */; };
		54A1CFB82BE191630082DEF3 /* Assets.xcassets in Resources */ = {isa = PBXBuildFile; fileRef = 54A1CFB72BE191630082DEF3 /* Assets.xcassets */; };
		54A1CFBC2BE191630082DEF3 /* Preview Assets.xcassets in Resources */ = {isa = PBXBuildFile; fileRef = 54A1CFBB2BE191630082DEF3 /* Preview Assets.xcassets */; };
		54A1CFC42BE191CF0082DEF3 /* EmbraceIO in Frameworks */ = {isa = PBXBuildFile; productRef = 54A1CFC32BE191CF0082DEF3 /* EmbraceIO */; };
		54A1CFC62BE191F10082DEF3 /* DetailView.swift in Sources */ = {isa = PBXBuildFile; fileRef = 54A1CFC52BE191F10082DEF3 /* DetailView.swift */; };
		54A1CFC82BE192020082DEF3 /* ParkRequestResult.swift in Sources */ = {isa = PBXBuildFile; fileRef = 54A1CFC72BE192020082DEF3 /* ParkRequestResult.swift */; };
		54A1CFD52BE1A25C0082DEF3 /* run.sh in Resources */ = {isa = PBXBuildFile; fileRef = 54A1CFD32BE1A25C0082DEF3 /* run.sh */; };
		54A1CFD62BE1A25C0082DEF3 /* upload in Resources */ = {isa = PBXBuildFile; fileRef = 54A1CFD42BE1A25C0082DEF3 /* upload */; };
/* End PBXBuildFile section */

/* Begin PBXFileReference section */
		54A1CFB02BE191610082DEF3 /* Embrace Outdoors.app */ = {isa = PBXFileReference; explicitFileType = wrapper.application; includeInIndex = 0; path = "Embrace Outdoors.app"; sourceTree = BUILT_PRODUCTS_DIR; };
		54A1CFB32BE191610082DEF3 /* EmbraceOutdoorsApp.swift */ = {isa = PBXFileReference; lastKnownFileType = sourcecode.swift; path = EmbraceOutdoorsApp.swift; sourceTree = "<group>"; };
		54A1CFB52BE191610082DEF3 /* ContentView.swift */ = {isa = PBXFileReference; lastKnownFileType = sourcecode.swift; path = ContentView.swift; sourceTree = "<group>"; };
		54A1CFB72BE191630082DEF3 /* Assets.xcassets */ = {isa = PBXFileReference; lastKnownFileType = folder.assetcatalog; path = Assets.xcassets; sourceTree = "<group>"; };
		54A1CFB92BE191630082DEF3 /* Embrace_Outdoors.entitlements */ = {isa = PBXFileReference; lastKnownFileType = text.plist.entitlements; path = Embrace_Outdoors.entitlements; sourceTree = "<group>"; };
		54A1CFBB2BE191630082DEF3 /* Preview Assets.xcassets */ = {isa = PBXFileReference; lastKnownFileType = folder.assetcatalog; path = "Preview Assets.xcassets"; sourceTree = "<group>"; };
		54A1CFC52BE191F10082DEF3 /* DetailView.swift */ = {isa = PBXFileReference; lastKnownFileType = sourcecode.swift; path = DetailView.swift; sourceTree = "<group>"; };
		54A1CFC72BE192020082DEF3 /* ParkRequestResult.swift */ = {isa = PBXFileReference; lastKnownFileType = sourcecode.swift; path = ParkRequestResult.swift; sourceTree = "<group>"; };
		54A1CFD32BE1A25C0082DEF3 /* run.sh */ = {isa = PBXFileReference; fileEncoding = 4; lastKnownFileType = text.script.sh; path = run.sh; sourceTree = "<group>"; };
		54A1CFD42BE1A25C0082DEF3 /* upload */ = {isa = PBXFileReference; lastKnownFileType = "compiled.mach-o.executable"; path = upload; sourceTree = "<group>"; };
/* End PBXFileReference section */

/* Begin PBXFrameworksBuildPhase section */
		54A1CFAD2BE191610082DEF3 /* Frameworks */ = {
			isa = PBXFrameworksBuildPhase;
			buildActionMask = 2147483647;
			files = (
				54A1CFC42BE191CF0082DEF3 /* EmbraceIO in Frameworks */,
			);
			runOnlyForDeploymentPostprocessing = 0;
		};
/* End PBXFrameworksBuildPhase section */

/* Begin PBXGroup section */
		54A1CFA72BE191610082DEF3 = {
			isa = PBXGroup;
			children = (
				54A1CFB22BE191610082DEF3 /* Embrace Outdoors */,
				54A1CFB12BE191610082DEF3 /* Products */,
			);
			sourceTree = "<group>";
		};
		54A1CFB12BE191610082DEF3 /* Products */ = {
			isa = PBXGroup;
			children = (
				54A1CFB02BE191610082DEF3 /* Embrace Outdoors.app */,
			);
			name = Products;
			sourceTree = "<group>";
		};
		54A1CFB22BE191610082DEF3 /* Embrace Outdoors */ = {
			isa = PBXGroup;
			children = (
				54A1CFC92BE192160082DEF3 /* App */,
				54A1CFCB2BE192210082DEF3 /* Views */,
				54A1CFCA2BE1921B0082DEF3 /* Models */,
				54A1CFB92BE191630082DEF3 /* Embrace_Outdoors.entitlements */,
				54A1CFBA2BE191630082DEF3 /* Preview Content */,
			);
			path = "Embrace Outdoors";
			sourceTree = "<group>";
		};
		54A1CFBA2BE191630082DEF3 /* Preview Content */ = {
			isa = PBXGroup;
			children = (
				54A1CFBB2BE191630082DEF3 /* Preview Assets.xcassets */,
			);
			path = "Preview Content";
			sourceTree = "<group>";
		};
		54A1CFC92BE192160082DEF3 /* App */ = {
			isa = PBXGroup;
			children = (
				54A1CFD22BE1A24E0082DEF3 /* Build */,
				54A1CFB72BE191630082DEF3 /* Assets.xcassets */,
				54A1CFB32BE191610082DEF3 /* EmbraceOutdoorsApp.swift */,
			);
			path = App;
			sourceTree = "<group>";
		};
		54A1CFCA2BE1921B0082DEF3 /* Models */ = {
			isa = PBXGroup;
			children = (
				54A1CFC72BE192020082DEF3 /* ParkRequestResult.swift */,
			);
			path = Models;
			sourceTree = "<group>";
		};
		54A1CFCB2BE192210082DEF3 /* Views */ = {
			isa = PBXGroup;
			children = (
				54A1CFB52BE191610082DEF3 /* ContentView.swift */,
				54A1CFC52BE191F10082DEF3 /* DetailView.swift */,
			);
			path = Views;
			sourceTree = "<group>";
		};
		54A1CFD22BE1A24E0082DEF3 /* Build */ = {
			isa = PBXGroup;
			children = (
				54A1CFD32BE1A25C0082DEF3 /* run.sh */,
				54A1CFD42BE1A25C0082DEF3 /* upload */,
			);
			path = Build;
			sourceTree = "<group>";
		};
/* End PBXGroup section */

/* Begin PBXNativeTarget section */
		54A1CFAF2BE191610082DEF3 /* Embrace Outdoors */ = {
			isa = PBXNativeTarget;
			buildConfigurationList = 54A1CFBF2BE191630082DEF3 /* Build configuration list for PBXNativeTarget "Embrace Outdoors" */;
			buildPhases = (
				54A1CFAC2BE191610082DEF3 /* Sources */,
				54A1CFAD2BE191610082DEF3 /* Frameworks */,
				54A1CFAE2BE191610082DEF3 /* Resources */,
				54A1CFD72BE1A2670082DEF3 /* ShellScript */,
			);
			buildRules = (
			);
			dependencies = (
			);
			name = "Embrace Outdoors";
			packageProductDependencies = (
				54A1CFC32BE191CF0082DEF3 /* EmbraceIO */,
			);
			productName = "Embrace Outdoors";
			productReference = 54A1CFB02BE191610082DEF3 /* Embrace Outdoors.app */;
			productType = "com.apple.product-type.application";
		};
/* End PBXNativeTarget section */

/* Begin PBXProject section */
		54A1CFA82BE191610082DEF3 /* Project object */ = {
			isa = PBXProject;
			attributes = {
				BuildIndependentTargetsInParallel = 1;
				LastSwiftUpdateCheck = 1530;
				LastUpgradeCheck = 1530;
				TargetAttributes = {
					54A1CFAF2BE191610082DEF3 = {
						CreatedOnToolsVersion = 15.3;
					};
				};
			};
			buildConfigurationList = 54A1CFAB2BE191610082DEF3 /* Build configuration list for PBXProject "Embrace Outdoors" */;
			compatibilityVersion = "Xcode 14.0";
			developmentRegion = en;
			hasScannedForEncodings = 0;
			knownRegions = (
				en,
				Base,
			);
			mainGroup = 54A1CFA72BE191610082DEF3;
			packageReferences = (
				54A1CFC22BE191CF0082DEF3 /* XCRemoteSwiftPackageReference "embrace-apple-sdk" */,
			);
			productRefGroup = 54A1CFB12BE191610082DEF3 /* Products */;
			projectDirPath = "";
			projectRoot = "";
			targets = (
				54A1CFAF2BE191610082DEF3 /* Embrace Outdoors */,
			);
		};
/* End PBXProject section */

/* Begin PBXResourcesBuildPhase section */
		54A1CFAE2BE191610082DEF3 /* Resources */ = {
			isa = PBXResourcesBuildPhase;
			buildActionMask = 2147483647;
			files = (
				54A1CFD52BE1A25C0082DEF3 /* run.sh in Resources */,
				54A1CFBC2BE191630082DEF3 /* Preview Assets.xcassets in Resources */,
				54A1CFB82BE191630082DEF3 /* Assets.xcassets in Resources */,
				54A1CFD62BE1A25C0082DEF3 /* upload in Resources */,
			);
			runOnlyForDeploymentPostprocessing = 0;
		};
/* End PBXResourcesBuildPhase section */

/* Begin PBXShellScriptBuildPhase section */
		54A1CFD72BE1A2670082DEF3 /* ShellScript */ = {
			isa = PBXShellScriptBuildPhase;
			buildActionMask = 2147483647;
			files = (
			);
			inputFileListPaths = (
			);
			inputPaths = (
			);
			outputFileListPaths = (
			);
			outputPaths = (
			);
			runOnlyForDeploymentPostprocessing = 0;
			shellPath = /bin/sh;
			shellScript = "EMBRACE_ID=USE_YOUR_KEY EMBRACE_TOKEN=USE_YOUR_TOKEN \"${SRCROOT}/App/Build/run.sh\"\n\n";
		};
/* End PBXShellScriptBuildPhase section */

/* Begin PBXSourcesBuildPhase section */
		54A1CFAC2BE191610082DEF3 /* Sources */ = {
			isa = PBXSourcesBuildPhase;
			buildActionMask = 2147483647;
			files = (
				54A1CFC82BE192020082DEF3 /* ParkRequestResult.swift in Sources */,
				54A1CFB62BE191610082DEF3 /* ContentView.swift in Sources */,
				54A1CFC62BE191F10082DEF3 /* DetailView.swift in Sources */,
				54A1CFB42BE191610082DEF3 /* EmbraceOutdoorsApp.swift in Sources */,
			);
			runOnlyForDeploymentPostprocessing = 0;
		};
/* End PBXSourcesBuildPhase section */

/* Begin XCBuildConfiguration section */
		54A1CFBD2BE191630082DEF3 /* Debug */ = {
			isa = XCBuildConfiguration;
			buildSettings = {
				ALWAYS_SEARCH_USER_PATHS = NO;
				ASSETCATALOG_COMPILER_GENERATE_SWIFT_ASSET_SYMBOL_EXTENSIONS = YES;
				CLANG_ANALYZER_NONNULL = YES;
				CLANG_ANALYZER_NUMBER_OBJECT_CONVERSION = YES_AGGRESSIVE;
				CLANG_CXX_LANGUAGE_STANDARD = "gnu++20";
				CLANG_ENABLE_MODULES = YES;
				CLANG_ENABLE_OBJC_ARC = YES;
				CLANG_ENABLE_OBJC_WEAK = YES;
				CLANG_WARN_BLOCK_CAPTURE_AUTORELEASING = YES;
				CLANG_WARN_BOOL_CONVERSION = YES;
				CLANG_WARN_COMMA = YES;
				CLANG_WARN_CONSTANT_CONVERSION = YES;
				CLANG_WARN_DEPRECATED_OBJC_IMPLEMENTATIONS = YES;
				CLANG_WARN_DIRECT_OBJC_ISA_USAGE = YES_ERROR;
				CLANG_WARN_DOCUMENTATION_COMMENTS = YES;
				CLANG_WARN_EMPTY_BODY = YES;
				CLANG_WARN_ENUM_CONVERSION = YES;
				CLANG_WARN_INFINITE_RECURSION = YES;
				CLANG_WARN_INT_CONVERSION = YES;
				CLANG_WARN_NON_LITERAL_NULL_CONVERSION = YES;
				CLANG_WARN_OBJC_IMPLICIT_RETAIN_SELF = YES;
				CLANG_WARN_OBJC_LITERAL_CONVERSION = YES;
				CLANG_WARN_OBJC_ROOT_CLASS = YES_ERROR;
				CLANG_WARN_QUOTED_INCLUDE_IN_FRAMEWORK_HEADER = YES;
				CLANG_WARN_RANGE_LOOP_ANALYSIS = YES;
				CLANG_WARN_STRICT_PROTOTYPES = YES;
				CLANG_WARN_SUSPICIOUS_MOVE = YES;
				CLANG_WARN_UNGUARDED_AVAILABILITY = YES_AGGRESSIVE;
				CLANG_WARN_UNREACHABLE_CODE = YES;
				CLANG_WARN__DUPLICATE_METHOD_MATCH = YES;
				COPY_PHASE_STRIP = NO;
				DEBUG_INFORMATION_FORMAT = dwarf;
				ENABLE_STRICT_OBJC_MSGSEND = YES;
				ENABLE_TESTABILITY = YES;
				ENABLE_USER_SCRIPT_SANDBOXING = YES;
				GCC_C_LANGUAGE_STANDARD = gnu17;
				GCC_DYNAMIC_NO_PIC = NO;
				GCC_NO_COMMON_BLOCKS = YES;
				GCC_OPTIMIZATION_LEVEL = 0;
				GCC_PREPROCESSOR_DEFINITIONS = (
					"DEBUG=1",
					"$(inherited)",
				);
				GCC_WARN_64_TO_32_BIT_CONVERSION = YES;
				GCC_WARN_ABOUT_RETURN_TYPE = YES_ERROR;
				GCC_WARN_UNDECLARED_SELECTOR = YES;
				GCC_WARN_UNINITIALIZED_AUTOS = YES_AGGRESSIVE;
				GCC_WARN_UNUSED_FUNCTION = YES;
				GCC_WARN_UNUSED_VARIABLE = YES;
				LOCALIZATION_PREFERS_STRING_CATALOGS = YES;
				MTL_ENABLE_DEBUG_INFO = INCLUDE_SOURCE;
				MTL_FAST_MATH = YES;
				ONLY_ACTIVE_ARCH = YES;
				SWIFT_ACTIVE_COMPILATION_CONDITIONS = "DEBUG $(inherited)";
				SWIFT_OPTIMIZATION_LEVEL = "-Onone";
			};
			name = Debug;
		};
		54A1CFBE2BE191630082DEF3 /* Release */ = {
			isa = XCBuildConfiguration;
			buildSettings = {
				ALWAYS_SEARCH_USER_PATHS = NO;
				ASSETCATALOG_COMPILER_GENERATE_SWIFT_ASSET_SYMBOL_EXTENSIONS = YES;
				CLANG_ANALYZER_NONNULL = YES;
				CLANG_ANALYZER_NUMBER_OBJECT_CONVERSION = YES_AGGRESSIVE;
				CLANG_CXX_LANGUAGE_STANDARD = "gnu++20";
				CLANG_ENABLE_MODULES = YES;
				CLANG_ENABLE_OBJC_ARC = YES;
				CLANG_ENABLE_OBJC_WEAK = YES;
				CLANG_WARN_BLOCK_CAPTURE_AUTORELEASING = YES;
				CLANG_WARN_BOOL_CONVERSION = YES;
				CLANG_WARN_COMMA = YES;
				CLANG_WARN_CONSTANT_CONVERSION = YES;
				CLANG_WARN_DEPRECATED_OBJC_IMPLEMENTATIONS = YES;
				CLANG_WARN_DIRECT_OBJC_ISA_USAGE = YES_ERROR;
				CLANG_WARN_DOCUMENTATION_COMMENTS = YES;
				CLANG_WARN_EMPTY_BODY = YES;
				CLANG_WARN_ENUM_CONVERSION = YES;
				CLANG_WARN_INFINITE_RECURSION = YES;
				CLANG_WARN_INT_CONVERSION = YES;
				CLANG_WARN_NON_LITERAL_NULL_CONVERSION = YES;
				CLANG_WARN_OBJC_IMPLICIT_RETAIN_SELF = YES;
				CLANG_WARN_OBJC_LITERAL_CONVERSION = YES;
				CLANG_WARN_OBJC_ROOT_CLASS = YES_ERROR;
				CLANG_WARN_QUOTED_INCLUDE_IN_FRAMEWORK_HEADER = YES;
				CLANG_WARN_RANGE_LOOP_ANALYSIS = YES;
				CLANG_WARN_STRICT_PROTOTYPES = YES;
				CLANG_WARN_SUSPICIOUS_MOVE = YES;
				CLANG_WARN_UNGUARDED_AVAILABILITY = YES_AGGRESSIVE;
				CLANG_WARN_UNREACHABLE_CODE = YES;
				CLANG_WARN__DUPLICATE_METHOD_MATCH = YES;
				COPY_PHASE_STRIP = NO;
				DEBUG_INFORMATION_FORMAT = "dwarf-with-dsym";
				ENABLE_NS_ASSERTIONS = NO;
				ENABLE_STRICT_OBJC_MSGSEND = YES;
				ENABLE_USER_SCRIPT_SANDBOXING = YES;
				GCC_C_LANGUAGE_STANDARD = gnu17;
				GCC_NO_COMMON_BLOCKS = YES;
				GCC_WARN_64_TO_32_BIT_CONVERSION = YES;
				GCC_WARN_ABOUT_RETURN_TYPE = YES_ERROR;
				GCC_WARN_UNDECLARED_SELECTOR = YES;
				GCC_WARN_UNINITIALIZED_AUTOS = YES_AGGRESSIVE;
				GCC_WARN_UNUSED_FUNCTION = YES;
				GCC_WARN_UNUSED_VARIABLE = YES;
				LOCALIZATION_PREFERS_STRING_CATALOGS = YES;
				MTL_ENABLE_DEBUG_INFO = NO;
				MTL_FAST_MATH = YES;
				SWIFT_COMPILATION_MODE = wholemodule;
			};
			name = Release;
		};
		54A1CFC02BE191630082DEF3 /* Debug */ = {
			isa = XCBuildConfiguration;
			buildSettings = {
				ASSETCATALOG_COMPILER_APPICON_NAME = AppIcon;
				ASSETCATALOG_COMPILER_GLOBAL_ACCENT_COLOR_NAME = AccentColor;
				CODE_SIGN_ENTITLEMENTS = "Embrace Outdoors/Embrace_Outdoors.entitlements";
				CODE_SIGN_STYLE = Automatic;
				CURRENT_PROJECT_VERSION = 1;
				DEVELOPMENT_ASSET_PATHS = "\"Embrace Outdoors/Preview Content\"";
				DEVELOPMENT_TEAM = L5RVT7J8CV;
				ENABLE_HARDENED_RUNTIME = YES;
				ENABLE_PREVIEWS = YES;
				ENABLE_USER_SCRIPT_SANDBOXING = NO;
				GENERATE_INFOPLIST_FILE = YES;
				"INFOPLIST_KEY_UIApplicationSceneManifest_Generation[sdk=iphoneos*]" = YES;
				"INFOPLIST_KEY_UIApplicationSceneManifest_Generation[sdk=iphonesimulator*]" = YES;
				"INFOPLIST_KEY_UIApplicationSupportsIndirectInputEvents[sdk=iphoneos*]" = YES;
				"INFOPLIST_KEY_UIApplicationSupportsIndirectInputEvents[sdk=iphonesimulator*]" = YES;
				"INFOPLIST_KEY_UILaunchScreen_Generation[sdk=iphoneos*]" = YES;
				"INFOPLIST_KEY_UILaunchScreen_Generation[sdk=iphonesimulator*]" = YES;
				"INFOPLIST_KEY_UIStatusBarStyle[sdk=iphoneos*]" = UIStatusBarStyleDefault;
				"INFOPLIST_KEY_UIStatusBarStyle[sdk=iphonesimulator*]" = UIStatusBarStyleDefault;
				INFOPLIST_KEY_UISupportedInterfaceOrientations_iPad = "UIInterfaceOrientationPortrait UIInterfaceOrientationPortraitUpsideDown UIInterfaceOrientationLandscapeLeft UIInterfaceOrientationLandscapeRight";
				INFOPLIST_KEY_UISupportedInterfaceOrientations_iPhone = "UIInterfaceOrientationPortrait UIInterfaceOrientationLandscapeLeft UIInterfaceOrientationLandscapeRight";
				IPHONEOS_DEPLOYMENT_TARGET = 17.4;
				LD_RUNPATH_SEARCH_PATHS = "@executable_path/Frameworks";
				"LD_RUNPATH_SEARCH_PATHS[sdk=macosx*]" = "@executable_path/../Frameworks";
				MACOSX_DEPLOYMENT_TARGET = 14.4;
				MARKETING_VERSION = 1.1;
				PRODUCT_BUNDLE_IDENTIFIER = "io.embrace.Embrace-Outdoors";
				PRODUCT_NAME = "$(TARGET_NAME)";
				SDKROOT = auto;
				SUPPORTED_PLATFORMS = "iphoneos iphonesimulator macosx";
				SWIFT_EMIT_LOC_STRINGS = YES;
				SWIFT_VERSION = 5.0;
				TARGETED_DEVICE_FAMILY = "1,2";
			};
			name = Debug;
		};
		54A1CFC12BE191630082DEF3 /* Release */ = {
			isa = XCBuildConfiguration;
			buildSettings = {
				ASSETCATALOG_COMPILER_APPICON_NAME = AppIcon;
				ASSETCATALOG_COMPILER_GLOBAL_ACCENT_COLOR_NAME = AccentColor;
				CODE_SIGN_ENTITLEMENTS = "Embrace Outdoors/Embrace_Outdoors.entitlements";
				CODE_SIGN_STYLE = Automatic;
				CURRENT_PROJECT_VERSION = 1;
				DEVELOPMENT_ASSET_PATHS = "\"Embrace Outdoors/Preview Content\"";
				DEVELOPMENT_TEAM = L5RVT7J8CV;
				ENABLE_HARDENED_RUNTIME = YES;
				ENABLE_PREVIEWS = YES;
				ENABLE_USER_SCRIPT_SANDBOXING = NO;
				GENERATE_INFOPLIST_FILE = YES;
				"INFOPLIST_KEY_UIApplicationSceneManifest_Generation[sdk=iphoneos*]" = YES;
				"INFOPLIST_KEY_UIApplicationSceneManifest_Generation[sdk=iphonesimulator*]" = YES;
				"INFOPLIST_KEY_UIApplicationSupportsIndirectInputEvents[sdk=iphoneos*]" = YES;
				"INFOPLIST_KEY_UIApplicationSupportsIndirectInputEvents[sdk=iphonesimulator*]" = YES;
				"INFOPLIST_KEY_UILaunchScreen_Generation[sdk=iphoneos*]" = YES;
				"INFOPLIST_KEY_UILaunchScreen_Generation[sdk=iphonesimulator*]" = YES;
				"INFOPLIST_KEY_UIStatusBarStyle[sdk=iphoneos*]" = UIStatusBarStyleDefault;
				"INFOPLIST_KEY_UIStatusBarStyle[sdk=iphonesimulator*]" = UIStatusBarStyleDefault;
				INFOPLIST_KEY_UISupportedInterfaceOrientations_iPad = "UIInterfaceOrientationPortrait UIInterfaceOrientationPortraitUpsideDown UIInterfaceOrientationLandscapeLeft UIInterfaceOrientationLandscapeRight";
				INFOPLIST_KEY_UISupportedInterfaceOrientations_iPhone = "UIInterfaceOrientationPortrait UIInterfaceOrientationLandscapeLeft UIInterfaceOrientationLandscapeRight";
				IPHONEOS_DEPLOYMENT_TARGET = 17.4;
				LD_RUNPATH_SEARCH_PATHS = "@executable_path/Frameworks";
				"LD_RUNPATH_SEARCH_PATHS[sdk=macosx*]" = "@executable_path/../Frameworks";
				MACOSX_DEPLOYMENT_TARGET = 14.4;
				MARKETING_VERSION = 1.1;
				PRODUCT_BUNDLE_IDENTIFIER = "io.embrace.Embrace-Outdoors";
				PRODUCT_NAME = "$(TARGET_NAME)";
				SDKROOT = auto;
				SUPPORTED_PLATFORMS = "iphoneos iphonesimulator macosx";
				SWIFT_EMIT_LOC_STRINGS = YES;
				SWIFT_VERSION = 5.0;
				TARGETED_DEVICE_FAMILY = "1,2";
			};
			name = Release;
		};
/* End XCBuildConfiguration section */

/* Begin XCConfigurationList section */
		54A1CFAB2BE191610082DEF3 /* Build configuration list for PBXProject "Embrace Outdoors" */ = {
			isa = XCConfigurationList;
			buildConfigurations = (
				54A1CFBD2BE191630082DEF3 /* Debug */,
				54A1CFBE2BE191630082DEF3 /* Release */,
			);
			defaultConfigurationIsVisible = 0;
			defaultConfigurationName = Release;
		};
		54A1CFBF2BE191630082DEF3 /* Build configuration list for PBXNativeTarget "Embrace Outdoors" */ = {
			isa = XCConfigurationList;
			buildConfigurations = (
				54A1CFC02BE191630082DEF3 /* Debug */,
				54A1CFC12BE191630082DEF3 /* Release */,
			);
			defaultConfigurationIsVisible = 0;
			defaultConfigurationName = Release;
		};
/* End XCConfigurationList section */

/* Begin XCRemoteSwiftPackageReference section */
		54A1CFC22BE191CF0082DEF3 /* XCRemoteSwiftPackageReference "embrace-apple-sdk" */ = {
			isa = XCRemoteSwiftPackageReference;
			repositoryURL = "https://github.com/embrace-io/embrace-apple-sdk";
			requirement = {
				kind = upToNextMajorVersion;
				minimumVersion = 6.0.0;
			};
		};
/* End XCRemoteSwiftPackageReference section */

/* Begin XCSwiftPackageProductDependency section */
		54A1CFC32BE191CF0082DEF3 /* EmbraceIO */ = {
			isa = XCSwiftPackageProductDependency;
			package = 54A1CFC22BE191CF0082DEF3 /* XCRemoteSwiftPackageReference "embrace-apple-sdk" */;
			productName = EmbraceIO;
		};
/* End XCSwiftPackageProductDependency section */
	};
	rootObject = 54A1CFA82BE191610082DEF3 /* Project object */;
}
